# THIS IS AN AUTOGENERATED FILE. DO NOT EDIT THIS FILE DIRECTLY.
# yarn lockfile v1


"@aws-crypto/crc32@2.0.0":
  version "2.0.0"
  resolved "https://registry.yarnpkg.com/@aws-crypto/crc32/-/crc32-2.0.0.tgz#4ad432a3c03ec3087c5540ff6e41e6565d2dc153"
  integrity sha512-TvE1r2CUueyXOuHdEigYjIZVesInd9KN+K/TFFNfkkxRThiNxO6i4ZqqAVMoEjAamZZ1AA8WXJkjCz7YShHPQA==
  dependencies:
    "@aws-crypto/util" "^2.0.0"
    "@aws-sdk/types" "^3.1.0"
    tslib "^1.11.1"

"@aws-crypto/crc32c@2.0.0":
  version "2.0.0"
  resolved "https://registry.yarnpkg.com/@aws-crypto/crc32c/-/crc32c-2.0.0.tgz#4235336ef78f169f6a05248906703b9b78da676e"
  integrity sha512-vF0eMdMHx3O3MoOXUfBZry8Y4ZDtcuskjjKgJz8YfIDjLStxTZrYXk+kZqtl6A0uCmmiN/Eb/JbC/CndTV1MHg==
  dependencies:
    "@aws-crypto/util" "^2.0.0"
    "@aws-sdk/types" "^3.1.0"
    tslib "^1.11.1"

"@aws-crypto/ie11-detection@^2.0.0":
  version "2.0.2"
  resolved "https://registry.yarnpkg.com/@aws-crypto/ie11-detection/-/ie11-detection-2.0.2.tgz#9c39f4a5558196636031a933ec1b4792de959d6a"
  integrity sha512-5XDMQY98gMAf/WRTic5G++jfmS/VLM0rwpiOpaainKi4L0nqWMSB1SzsrEG5rjFZGYN6ZAefO+/Yta2dFM0kMw==
  dependencies:
    tslib "^1.11.1"

"@aws-crypto/sha1-browser@2.0.0":
  version "2.0.0"
  resolved "https://registry.yarnpkg.com/@aws-crypto/sha1-browser/-/sha1-browser-2.0.0.tgz#71e735df20ea1d38f59259c4b1a2e00ca74a0eea"
  integrity sha512-3fIVRjPFY8EG5HWXR+ZJZMdWNRpwbxGzJ9IH9q93FpbgCH8u8GHRi46mZXp3cYD7gealmyqpm3ThZwLKJjWJhA==
  dependencies:
    "@aws-crypto/ie11-detection" "^2.0.0"
    "@aws-crypto/supports-web-crypto" "^2.0.0"
    "@aws-sdk/types" "^3.1.0"
    "@aws-sdk/util-locate-window" "^3.0.0"
    "@aws-sdk/util-utf8-browser" "^3.0.0"
    tslib "^1.11.1"

"@aws-crypto/sha256-browser@2.0.0":
  version "2.0.0"
  resolved "https://registry.yarnpkg.com/@aws-crypto/sha256-browser/-/sha256-browser-2.0.0.tgz#741c9024df55ec59b51e5b1f5d806a4852699fb5"
  integrity sha512-rYXOQ8BFOaqMEHJrLHul/25ckWH6GTJtdLSajhlqGMx0PmSueAuvboCuZCTqEKlxR8CQOwRarxYMZZSYlhRA1A==
  dependencies:
    "@aws-crypto/ie11-detection" "^2.0.0"
    "@aws-crypto/sha256-js" "^2.0.0"
    "@aws-crypto/supports-web-crypto" "^2.0.0"
    "@aws-crypto/util" "^2.0.0"
    "@aws-sdk/types" "^3.1.0"
    "@aws-sdk/util-locate-window" "^3.0.0"
    "@aws-sdk/util-utf8-browser" "^3.0.0"
    tslib "^1.11.1"

"@aws-crypto/sha256-js@2.0.0":
  version "2.0.0"
  resolved "https://registry.yarnpkg.com/@aws-crypto/sha256-js/-/sha256-js-2.0.0.tgz#f1f936039bdebd0b9e2dd834d65afdc2aac4efcb"
  integrity sha512-VZY+mCY4Nmrs5WGfitmNqXzaE873fcIZDu54cbaDaaamsaTOP1DBImV9F4pICc3EHjQXujyE8jig+PFCaew9ig==
  dependencies:
    "@aws-crypto/util" "^2.0.0"
    "@aws-sdk/types" "^3.1.0"
    tslib "^1.11.1"

"@aws-crypto/sha256-js@^2.0.0":
  version "2.0.2"
  resolved "https://registry.yarnpkg.com/@aws-crypto/sha256-js/-/sha256-js-2.0.2.tgz#c81e5d378b8a74ff1671b58632779986e50f4c99"
  integrity sha512-iXLdKH19qPmIC73fVCrHWCSYjN/sxaAvZ3jNNyw6FclmHyjLKg0f69WlC9KTnyElxCR5MO9SKaG00VwlJwyAkQ==
  dependencies:
    "@aws-crypto/util" "^2.0.2"
    "@aws-sdk/types" "^3.110.0"
    tslib "^1.11.1"

"@aws-crypto/supports-web-crypto@^2.0.0":
  version "2.0.2"
  resolved "https://registry.yarnpkg.com/@aws-crypto/supports-web-crypto/-/supports-web-crypto-2.0.2.tgz#9f02aafad8789cac9c0ab5faaebb1ab8aa841338"
  integrity sha512-6mbSsLHwZ99CTOOswvCRP3C+VCWnzBf+1SnbWxzzJ9lR0mA0JnY2JEAhp8rqmTE0GPFy88rrM27ffgp62oErMQ==
  dependencies:
    tslib "^1.11.1"

"@aws-crypto/util@^2.0.0", "@aws-crypto/util@^2.0.2":
  version "2.0.2"
  resolved "https://registry.yarnpkg.com/@aws-crypto/util/-/util-2.0.2.tgz#adf5ff5dfbc7713082f897f1d01e551ce0edb9c0"
  integrity sha512-Lgu5v/0e/BcrZ5m/IWqzPUf3UYFTy/PpeED+uc9SWUR1iZQL8XXbGQg10UfllwwBryO3hFF5dizK+78aoXC1eA==
  dependencies:
    "@aws-sdk/types" "^3.110.0"
    "@aws-sdk/util-utf8-browser" "^3.0.0"
    tslib "^1.11.1"

"@aws-sdk/abort-controller@3.178.0":
  version "3.178.0"
  resolved "https://registry.yarnpkg.com/@aws-sdk/abort-controller/-/abort-controller-3.178.0.tgz#fd189d62a689add822c3f40b2827f887639f015c"
  integrity sha512-ptDkCB06BJrYdhKzamM9yI15LxcGkPczY80hzKAY/aecm09alnW27uCt5HJJx2nCd18IUH28ZO1sc7DTLOWb3A==
  dependencies:
    "@aws-sdk/types" "3.178.0"
    tslib "^2.3.1"

"@aws-sdk/chunked-blob-reader-native@3.170.0":
  version "3.170.0"
  resolved "https://registry.yarnpkg.com/@aws-sdk/chunked-blob-reader-native/-/chunked-blob-reader-native-3.170.0.tgz#a277f4aec88246c6de69d4f15e5fd5e262f0ac6b"
  integrity sha512-haJ7fdWaOgAM4trw2LBd1VIvRFzMMPz2jy9mu4rE+z1uHbPZHNMGytBo1FJO2DShzUCmJZi3t3CD/7aE3H38+w==
  dependencies:
    "@aws-sdk/util-base64-browser" "3.170.0"
    tslib "^2.3.1"

"@aws-sdk/chunked-blob-reader@3.170.0":
  version "3.170.0"
  resolved "https://registry.yarnpkg.com/@aws-sdk/chunked-blob-reader/-/chunked-blob-reader-3.170.0.tgz#059fd50c8ed7ddc9219f483258ec3a0cab6ca699"
  integrity sha512-73Fy1u9zR9ZMC59QobuCWg3LoYfcrFsrP8569vvqtlGqPuQUW+RW3gfx0omIDmxaSg8qq8REPLJFrAGfeL7VtQ==
  dependencies:
    tslib "^2.3.1"

"@aws-sdk/client-cognito-identity@3.181.0":
  version "3.181.0"
  resolved "https://registry.yarnpkg.com/@aws-sdk/client-cognito-identity/-/client-cognito-identity-3.181.0.tgz#c8c57201920d9666040255854823933b16e922d4"
  integrity sha512-MdJFNXp68kqwxJ7XiaJP2+oIflt0w8++Vw+XGbwO8+ZC74z7bnE6YlFadOhF/vxIz15rAu0d1GWMROT+mwmGiQ==
  dependencies:
    "@aws-crypto/sha256-browser" "2.0.0"
    "@aws-crypto/sha256-js" "2.0.0"
    "@aws-sdk/client-sts" "3.181.0"
    "@aws-sdk/config-resolver" "3.178.0"
    "@aws-sdk/credential-provider-node" "3.181.0"
    "@aws-sdk/fetch-http-handler" "3.178.0"
    "@aws-sdk/hash-node" "3.178.0"
    "@aws-sdk/invalid-dependency" "3.178.0"
    "@aws-sdk/middleware-content-length" "3.178.0"
    "@aws-sdk/middleware-host-header" "3.178.0"
    "@aws-sdk/middleware-logger" "3.178.0"
    "@aws-sdk/middleware-recursion-detection" "3.178.0"
    "@aws-sdk/middleware-retry" "3.178.0"
    "@aws-sdk/middleware-serde" "3.178.0"
    "@aws-sdk/middleware-signing" "3.179.0"
    "@aws-sdk/middleware-stack" "3.178.0"
    "@aws-sdk/middleware-user-agent" "3.178.0"
    "@aws-sdk/node-config-provider" "3.178.0"
    "@aws-sdk/node-http-handler" "3.178.0"
    "@aws-sdk/protocol-http" "3.178.0"
    "@aws-sdk/smithy-client" "3.180.0"
    "@aws-sdk/types" "3.178.0"
    "@aws-sdk/url-parser" "3.178.0"
    "@aws-sdk/util-base64-browser" "3.170.0"
    "@aws-sdk/util-base64-node" "3.170.0"
    "@aws-sdk/util-body-length-browser" "3.170.0"
    "@aws-sdk/util-body-length-node" "3.170.0"
    "@aws-sdk/util-defaults-mode-browser" "3.180.0"
    "@aws-sdk/util-defaults-mode-node" "3.180.0"
    "@aws-sdk/util-user-agent-browser" "3.178.0"
    "@aws-sdk/util-user-agent-node" "3.178.0"
    "@aws-sdk/util-utf8-browser" "3.170.0"
    "@aws-sdk/util-utf8-node" "3.170.0"
    tslib "^2.3.1"

"@aws-sdk/client-s3@^3.181.0":
  version "3.181.0"
  resolved "https://registry.yarnpkg.com/@aws-sdk/client-s3/-/client-s3-3.181.0.tgz#192fa617c6f75e578f20a53671759628dd095e9e"
  integrity sha512-EUJ/Y8SWALh5bfxcg+LQytpI/R3KXHYilWRnBBsKLBUfAWPj+8NzZdDK8wD/6htBtAV4XnqHux3cMCnpeoRf8g==
  dependencies:
    "@aws-crypto/sha1-browser" "2.0.0"
    "@aws-crypto/sha256-browser" "2.0.0"
    "@aws-crypto/sha256-js" "2.0.0"
    "@aws-sdk/client-sts" "3.181.0"
    "@aws-sdk/config-resolver" "3.178.0"
    "@aws-sdk/credential-provider-node" "3.181.0"
    "@aws-sdk/eventstream-serde-browser" "3.178.0"
    "@aws-sdk/eventstream-serde-config-resolver" "3.178.0"
    "@aws-sdk/eventstream-serde-node" "3.178.0"
    "@aws-sdk/fetch-http-handler" "3.178.0"
    "@aws-sdk/hash-blob-browser" "3.178.0"
    "@aws-sdk/hash-node" "3.178.0"
    "@aws-sdk/hash-stream-node" "3.178.0"
    "@aws-sdk/invalid-dependency" "3.178.0"
    "@aws-sdk/md5-js" "3.178.0"
    "@aws-sdk/middleware-bucket-endpoint" "3.178.0"
    "@aws-sdk/middleware-content-length" "3.178.0"
    "@aws-sdk/middleware-expect-continue" "3.178.0"
    "@aws-sdk/middleware-flexible-checksums" "3.178.0"
    "@aws-sdk/middleware-host-header" "3.178.0"
    "@aws-sdk/middleware-location-constraint" "3.178.0"
    "@aws-sdk/middleware-logger" "3.178.0"
    "@aws-sdk/middleware-recursion-detection" "3.178.0"
    "@aws-sdk/middleware-retry" "3.178.0"
    "@aws-sdk/middleware-sdk-s3" "3.178.0"
    "@aws-sdk/middleware-serde" "3.178.0"
    "@aws-sdk/middleware-signing" "3.179.0"
    "@aws-sdk/middleware-ssec" "3.178.0"
    "@aws-sdk/middleware-stack" "3.178.0"
    "@aws-sdk/middleware-user-agent" "3.178.0"
    "@aws-sdk/node-config-provider" "3.178.0"
    "@aws-sdk/node-http-handler" "3.178.0"
    "@aws-sdk/protocol-http" "3.178.0"
    "@aws-sdk/signature-v4-multi-region" "3.180.0"
    "@aws-sdk/smithy-client" "3.180.0"
    "@aws-sdk/types" "3.178.0"
    "@aws-sdk/url-parser" "3.178.0"
    "@aws-sdk/util-base64-browser" "3.170.0"
    "@aws-sdk/util-base64-node" "3.170.0"
    "@aws-sdk/util-body-length-browser" "3.170.0"
    "@aws-sdk/util-body-length-node" "3.170.0"
    "@aws-sdk/util-defaults-mode-browser" "3.180.0"
    "@aws-sdk/util-defaults-mode-node" "3.180.0"
    "@aws-sdk/util-stream-browser" "3.178.0"
    "@aws-sdk/util-stream-node" "3.178.0"
    "@aws-sdk/util-user-agent-browser" "3.178.0"
    "@aws-sdk/util-user-agent-node" "3.178.0"
    "@aws-sdk/util-utf8-browser" "3.170.0"
    "@aws-sdk/util-utf8-node" "3.170.0"
    "@aws-sdk/util-waiter" "3.180.0"
    "@aws-sdk/xml-builder" "3.170.0"
    entities "2.2.0"
    fast-xml-parser "3.19.0"
    tslib "^2.3.1"

"@aws-sdk/client-sso@3.181.0":
  version "3.181.0"
  resolved "https://registry.yarnpkg.com/@aws-sdk/client-sso/-/client-sso-3.181.0.tgz#ab981a4cc048905239e4c610174a056ea9123cc6"
  integrity sha512-p/HsYVAO7fgjFfn4LqlnlpSKPXGPegAwjPpY+SqyK3/Hj1OtED4whG8LTgxZSTtYwNIkHEjrHnXTiymyXh34Aw==
  dependencies:
    "@aws-crypto/sha256-browser" "2.0.0"
    "@aws-crypto/sha256-js" "2.0.0"
    "@aws-sdk/config-resolver" "3.178.0"
    "@aws-sdk/fetch-http-handler" "3.178.0"
    "@aws-sdk/hash-node" "3.178.0"
    "@aws-sdk/invalid-dependency" "3.178.0"
    "@aws-sdk/middleware-content-length" "3.178.0"
    "@aws-sdk/middleware-host-header" "3.178.0"
    "@aws-sdk/middleware-logger" "3.178.0"
    "@aws-sdk/middleware-recursion-detection" "3.178.0"
    "@aws-sdk/middleware-retry" "3.178.0"
    "@aws-sdk/middleware-serde" "3.178.0"
    "@aws-sdk/middleware-stack" "3.178.0"
    "@aws-sdk/middleware-user-agent" "3.178.0"
    "@aws-sdk/node-config-provider" "3.178.0"
    "@aws-sdk/node-http-handler" "3.178.0"
    "@aws-sdk/protocol-http" "3.178.0"
    "@aws-sdk/smithy-client" "3.180.0"
    "@aws-sdk/types" "3.178.0"
    "@aws-sdk/url-parser" "3.178.0"
    "@aws-sdk/util-base64-browser" "3.170.0"
    "@aws-sdk/util-base64-node" "3.170.0"
    "@aws-sdk/util-body-length-browser" "3.170.0"
    "@aws-sdk/util-body-length-node" "3.170.0"
    "@aws-sdk/util-defaults-mode-browser" "3.180.0"
    "@aws-sdk/util-defaults-mode-node" "3.180.0"
    "@aws-sdk/util-user-agent-browser" "3.178.0"
    "@aws-sdk/util-user-agent-node" "3.178.0"
    "@aws-sdk/util-utf8-browser" "3.170.0"
    "@aws-sdk/util-utf8-node" "3.170.0"
    tslib "^2.3.1"

"@aws-sdk/client-sts@3.181.0":
  version "3.181.0"
  resolved "https://registry.yarnpkg.com/@aws-sdk/client-sts/-/client-sts-3.181.0.tgz#d9a3dfce4a1c7ea83d2a0e076600c56633428885"
  integrity sha512-j//F9kjdSv9lUa8p87cg+xk6l5E8o8+GTYP5838eFQR7XcEc3yEljSCkuj2xIzrtf1jKuMXBnswTKmxJhjbTzQ==
  dependencies:
    "@aws-crypto/sha256-browser" "2.0.0"
    "@aws-crypto/sha256-js" "2.0.0"
    "@aws-sdk/config-resolver" "3.178.0"
    "@aws-sdk/credential-provider-node" "3.181.0"
    "@aws-sdk/fetch-http-handler" "3.178.0"
    "@aws-sdk/hash-node" "3.178.0"
    "@aws-sdk/invalid-dependency" "3.178.0"
    "@aws-sdk/middleware-content-length" "3.178.0"
    "@aws-sdk/middleware-host-header" "3.178.0"
    "@aws-sdk/middleware-logger" "3.178.0"
    "@aws-sdk/middleware-recursion-detection" "3.178.0"
    "@aws-sdk/middleware-retry" "3.178.0"
    "@aws-sdk/middleware-sdk-sts" "3.179.0"
    "@aws-sdk/middleware-serde" "3.178.0"
    "@aws-sdk/middleware-signing" "3.179.0"
    "@aws-sdk/middleware-stack" "3.178.0"
    "@aws-sdk/middleware-user-agent" "3.178.0"
    "@aws-sdk/node-config-provider" "3.178.0"
    "@aws-sdk/node-http-handler" "3.178.0"
    "@aws-sdk/protocol-http" "3.178.0"
    "@aws-sdk/smithy-client" "3.180.0"
    "@aws-sdk/types" "3.178.0"
    "@aws-sdk/url-parser" "3.178.0"
    "@aws-sdk/util-base64-browser" "3.170.0"
    "@aws-sdk/util-base64-node" "3.170.0"
    "@aws-sdk/util-body-length-browser" "3.170.0"
    "@aws-sdk/util-body-length-node" "3.170.0"
    "@aws-sdk/util-defaults-mode-browser" "3.180.0"
    "@aws-sdk/util-defaults-mode-node" "3.180.0"
    "@aws-sdk/util-user-agent-browser" "3.178.0"
    "@aws-sdk/util-user-agent-node" "3.178.0"
    "@aws-sdk/util-utf8-browser" "3.170.0"
    "@aws-sdk/util-utf8-node" "3.170.0"
    entities "2.2.0"
    fast-xml-parser "3.19.0"
    tslib "^2.3.1"

"@aws-sdk/config-resolver@3.178.0":
  version "3.178.0"
  resolved "https://registry.yarnpkg.com/@aws-sdk/config-resolver/-/config-resolver-3.178.0.tgz#83a66f79bc1c25450b0ab4dffe48288dfb3df3bb"
  integrity sha512-8xL98TGMaVULIN7HRWV2q1o0Y2p38QuweehzM8yXCZrrLOyHgWo3waP2RNVeddOB7MrSwwU/gw9rXSv7YHLZ6w==
  dependencies:
    "@aws-sdk/signature-v4" "3.178.0"
    "@aws-sdk/types" "3.178.0"
    "@aws-sdk/util-config-provider" "3.170.0"
    "@aws-sdk/util-middleware" "3.178.0"
    tslib "^2.3.1"

"@aws-sdk/credential-provider-cognito-identity@3.181.0":
  version "3.181.0"
  resolved "https://registry.yarnpkg.com/@aws-sdk/credential-provider-cognito-identity/-/credential-provider-cognito-identity-3.181.0.tgz#da3af34820372fdfd4a5e2bd61a914bcfdee57e4"
  integrity sha512-C+Frz2+H98jCiWZOntDTTNT/aHfmOA4IEAwCNGspRCKgvETl5QrnzNB/5O7u5Nnswv/VzlHkEDLttp0dssB4Cw==
  dependencies:
    "@aws-sdk/client-cognito-identity" "3.181.0"
    "@aws-sdk/property-provider" "3.178.0"
    "@aws-sdk/types" "3.178.0"
    tslib "^2.3.1"

"@aws-sdk/credential-provider-env@3.178.0":
  version "3.178.0"
  resolved "https://registry.yarnpkg.com/@aws-sdk/credential-provider-env/-/credential-provider-env-3.178.0.tgz#0f497bb9924eef70b070bc9c6acb0a7c55d6114d"
  integrity sha512-5CMswTJ188RuK9TmI5yAosIsyu4Mm9Cdq1068tRls5EqqwGK1PI7Q007b6rD7zqCb5IgeFBV0t2DxHkBmHRd3w==
  dependencies:
    "@aws-sdk/property-provider" "3.178.0"
    "@aws-sdk/types" "3.178.0"
    tslib "^2.3.1"

"@aws-sdk/credential-provider-imds@3.178.0":
  version "3.178.0"
  resolved "https://registry.yarnpkg.com/@aws-sdk/credential-provider-imds/-/credential-provider-imds-3.178.0.tgz#e1ecb0df813e4f6c25deaa9e8266682ede6fdb8e"
  integrity sha512-ZvqQTi3+S13LACVgaWNCOKBv5jROIz7rqyZh56QunAkaAUqPbpM4VFODgAGZYPCOSggZbEUUqXOVB9xSnshLnA==
  dependencies:
    "@aws-sdk/node-config-provider" "3.178.0"
    "@aws-sdk/property-provider" "3.178.0"
    "@aws-sdk/types" "3.178.0"
    "@aws-sdk/url-parser" "3.178.0"
    tslib "^2.3.1"

"@aws-sdk/credential-provider-ini@3.181.0":
  version "3.181.0"
  resolved "https://registry.yarnpkg.com/@aws-sdk/credential-provider-ini/-/credential-provider-ini-3.181.0.tgz#a1fa02aaf0991754a03824b70a6fe6f3fae35039"
  integrity sha512-jOa42qYFgkdMumw0IRO0ASAjM0vZMXvPpy3DGOaG0Ehy4KHeykEj4/J23SxCTCkOqAbz2+8XVCuyTExUmWCuWw==
  dependencies:
    "@aws-sdk/credential-provider-env" "3.178.0"
    "@aws-sdk/credential-provider-imds" "3.178.0"
    "@aws-sdk/credential-provider-sso" "3.181.0"
    "@aws-sdk/credential-provider-web-identity" "3.178.0"
    "@aws-sdk/property-provider" "3.178.0"
    "@aws-sdk/shared-ini-file-loader" "3.178.0"
    "@aws-sdk/types" "3.178.0"
    tslib "^2.3.1"

"@aws-sdk/credential-provider-node@3.181.0":
  version "3.181.0"
  resolved "https://registry.yarnpkg.com/@aws-sdk/credential-provider-node/-/credential-provider-node-3.181.0.tgz#a781ce2cba8a99840a7a762809333cfd88ac28b7"
  integrity sha512-RlLdp+7faCKzJsmUlBSr4CjqN9WG+YZpmuVVlW5fXGUdXLBLEvLMTl5rmwKtRSUytyYK0Vqtmt48I4nBze8MrA==
  dependencies:
    "@aws-sdk/credential-provider-env" "3.178.0"
    "@aws-sdk/credential-provider-imds" "3.178.0"
    "@aws-sdk/credential-provider-ini" "3.181.0"
    "@aws-sdk/credential-provider-process" "3.178.0"
    "@aws-sdk/credential-provider-sso" "3.181.0"
    "@aws-sdk/credential-provider-web-identity" "3.178.0"
    "@aws-sdk/property-provider" "3.178.0"
    "@aws-sdk/shared-ini-file-loader" "3.178.0"
    "@aws-sdk/types" "3.178.0"
    tslib "^2.3.1"

"@aws-sdk/credential-provider-process@3.178.0":
  version "3.178.0"
  resolved "https://registry.yarnpkg.com/@aws-sdk/credential-provider-process/-/credential-provider-process-3.178.0.tgz#60fe3de1fb142cce563cdf1a582c9b7c670dfe5a"
  integrity sha512-J4TldKrAnfayvRfxNEnLJUnTgkpTcct6rc7PwZlVSGSUgjglbcqfemUOP/pisLKbVNNL742lsUXmkUVH4km0Fw==
  dependencies:
    "@aws-sdk/property-provider" "3.178.0"
    "@aws-sdk/shared-ini-file-loader" "3.178.0"
    "@aws-sdk/types" "3.178.0"
    tslib "^2.3.1"

"@aws-sdk/credential-provider-sso@3.181.0":
  version "3.181.0"
  resolved "https://registry.yarnpkg.com/@aws-sdk/credential-provider-sso/-/credential-provider-sso-3.181.0.tgz#727b72c85ec49fbbc3df2b9d9d8a441837f14a9f"
  integrity sha512-03YAvns+P7hw5rLwYLExezn9iGX9HD2GAKCEgpSaZSlNLzMw0jU7VEmqJvrLqi+xAoshuRR5A3v8HFQU246QRA==
  dependencies:
    "@aws-sdk/client-sso" "3.181.0"
    "@aws-sdk/property-provider" "3.178.0"
    "@aws-sdk/shared-ini-file-loader" "3.178.0"
    "@aws-sdk/types" "3.178.0"
    tslib "^2.3.1"

"@aws-sdk/credential-provider-web-identity@3.178.0":
  version "3.178.0"
  resolved "https://registry.yarnpkg.com/@aws-sdk/credential-provider-web-identity/-/credential-provider-web-identity-3.178.0.tgz#5cb626980777a45496c478c6730d73a37de04396"
  integrity sha512-aei8o9ALtzwgYsZCAWdr+ItJyYTkYRmCoKstM4mkGtWNK9BjdISaVUAnndl6Pc/l/5eiK+2rlA+6Ujs4H8m+XQ==
  dependencies:
    "@aws-sdk/property-provider" "3.178.0"
    "@aws-sdk/types" "3.178.0"
    tslib "^2.3.1"

"@aws-sdk/credential-providers@^3.181.0":
  version "3.181.0"
  resolved "https://registry.yarnpkg.com/@aws-sdk/credential-providers/-/credential-providers-3.181.0.tgz#ff5648b663545080e249ec1d49f021a19bfddda1"
  integrity sha512-fU0d7VWq6elzYdh+OAKHXHzhPOogotPVYfhoIN3BgdIK+vKREpieNqoknSXmSkpWrg4QTOchw11xC9os3vmcNw==
  dependencies:
    "@aws-sdk/client-cognito-identity" "3.181.0"
    "@aws-sdk/client-sso" "3.181.0"
    "@aws-sdk/client-sts" "3.181.0"
    "@aws-sdk/credential-provider-cognito-identity" "3.181.0"
    "@aws-sdk/credential-provider-env" "3.178.0"
    "@aws-sdk/credential-provider-imds" "3.178.0"
    "@aws-sdk/credential-provider-ini" "3.181.0"
    "@aws-sdk/credential-provider-node" "3.181.0"
    "@aws-sdk/credential-provider-process" "3.178.0"
    "@aws-sdk/credential-provider-sso" "3.181.0"
    "@aws-sdk/credential-provider-web-identity" "3.178.0"
    "@aws-sdk/property-provider" "3.178.0"
    "@aws-sdk/shared-ini-file-loader" "3.178.0"
    "@aws-sdk/types" "3.178.0"
    tslib "^2.3.1"

"@aws-sdk/eventstream-codec@3.178.0":
  version "3.178.0"
  resolved "https://registry.yarnpkg.com/@aws-sdk/eventstream-codec/-/eventstream-codec-3.178.0.tgz#bcda3cd121625bd3cb09933af4ddeb816fb1162a"
  integrity sha512-x18waxfidmI9i4BLpnwV37rxHPyyviyWo5qRgYWX+gLxhN6Z6sB3/Pc/s8/yQmywMs6/DlMBYJUDTvYXR1cezA==
  dependencies:
    "@aws-crypto/crc32" "2.0.0"
    "@aws-sdk/types" "3.178.0"
    "@aws-sdk/util-hex-encoding" "3.170.0"
    tslib "^2.3.1"

"@aws-sdk/eventstream-serde-browser@3.178.0":
  version "3.178.0"
  resolved "https://registry.yarnpkg.com/@aws-sdk/eventstream-serde-browser/-/eventstream-serde-browser-3.178.0.tgz#b38638cbc65eee48d4dabdd8c24ac6017561d1c5"
  integrity sha512-UMlCevpJoQ8oMlNKlQF0Ti5zIztLzx9zcrxfi4KK1A22qXamTA5kHloyq1mFwrTkbcr4uhQ9omDDx//hYQ+yNw==
  dependencies:
    "@aws-sdk/eventstream-serde-universal" "3.178.0"
    "@aws-sdk/types" "3.178.0"
    tslib "^2.3.1"

"@aws-sdk/eventstream-serde-config-resolver@3.178.0":
  version "3.178.0"
  resolved "https://registry.yarnpkg.com/@aws-sdk/eventstream-serde-config-resolver/-/eventstream-serde-config-resolver-3.178.0.tgz#24f683ab3e8839dd45906f9cd462e18f0cb38840"
  integrity sha512-LmH5JuNCOvUI2g/7e2qlvHqRQW316J5iTawZQd233xUlmRO49kHc8HFvKPo98/V/S4MFsjlrZF9dcnly2txCxw==
  dependencies:
    "@aws-sdk/types" "3.178.0"
    tslib "^2.3.1"

"@aws-sdk/eventstream-serde-node@3.178.0":
  version "3.178.0"
  resolved "https://registry.yarnpkg.com/@aws-sdk/eventstream-serde-node/-/eventstream-serde-node-3.178.0.tgz#2cd1ece8523a8adefa5548d96e6de4eae146c70e"
  integrity sha512-YsFoZ8MlVReGm7GKMjvo5vxLVo/ZPSDg6ckp7kff18zZMlbNtuK+zfgub3tX1f2hbDoV2bBVL3xuZJkeBELpHQ==
  dependencies:
    "@aws-sdk/eventstream-serde-universal" "3.178.0"
    "@aws-sdk/types" "3.178.0"
    tslib "^2.3.1"

"@aws-sdk/eventstream-serde-universal@3.178.0":
  version "3.178.0"
  resolved "https://registry.yarnpkg.com/@aws-sdk/eventstream-serde-universal/-/eventstream-serde-universal-3.178.0.tgz#71887fa3c784cbd895d52d8a43b68f12c669abf5"
  integrity sha512-Rd8QjqzN2roSHsLn0y1iCt/KrEQL2qlNdunXRjBwXvjZGuODa6M8gpOvaPNpTWLiD+V6mO0zuPp+tWiLZxMndw==
  dependencies:
    "@aws-sdk/eventstream-codec" "3.178.0"
    "@aws-sdk/types" "3.178.0"
    tslib "^2.3.1"

"@aws-sdk/fetch-http-handler@3.178.0":
  version "3.178.0"
  resolved "https://registry.yarnpkg.com/@aws-sdk/fetch-http-handler/-/fetch-http-handler-3.178.0.tgz#1d6489041d7334de4f924b24c909647b3c0b6d5f"
  integrity sha512-T/LCNwCihdVNzGn39Dw7tk2U1fMlupFlCsAvDBbO+FOM3h+y9WLHzxmlAVsjPrFXlzdONKf9zd5cuQ+ZW93yAQ==
  dependencies:
    "@aws-sdk/protocol-http" "3.178.0"
    "@aws-sdk/querystring-builder" "3.178.0"
    "@aws-sdk/types" "3.178.0"
    "@aws-sdk/util-base64-browser" "3.170.0"
    tslib "^2.3.1"

"@aws-sdk/hash-blob-browser@3.178.0":
  version "3.178.0"
  resolved "https://registry.yarnpkg.com/@aws-sdk/hash-blob-browser/-/hash-blob-browser-3.178.0.tgz#573f4ef6ce4cc824e15beda4986dca26bd137275"
  integrity sha512-LgrKDNi56q3ayxcvbC0MMt/fgliKgMb8G2o1y6bUAKzlEtBHLFfTUjvzW1WsDfK8ZSrtz/bZNGECIjeFEdTggQ==
  dependencies:
    "@aws-sdk/chunked-blob-reader" "3.170.0"
    "@aws-sdk/chunked-blob-reader-native" "3.170.0"
    "@aws-sdk/types" "3.178.0"
    tslib "^2.3.1"

"@aws-sdk/hash-node@3.178.0":
  version "3.178.0"
  resolved "https://registry.yarnpkg.com/@aws-sdk/hash-node/-/hash-node-3.178.0.tgz#140b716e40bbcb30aae16a6446b6c79e61e200ab"
  integrity sha512-mqYraRQlvPO5egUKTNZ1kP52sfwBlsz7woOewQTHOGomZBDXrh8bl1J+sgaDi1NAwXdZUgxuD3QKxxAKRs9a2Q==
  dependencies:
    "@aws-sdk/types" "3.178.0"
    "@aws-sdk/util-buffer-from" "3.170.0"
    tslib "^2.3.1"

"@aws-sdk/hash-stream-node@3.178.0":
  version "3.178.0"
  resolved "https://registry.yarnpkg.com/@aws-sdk/hash-stream-node/-/hash-stream-node-3.178.0.tgz#c14058ca153aed0877bc425fffd430b12e012365"
  integrity sha512-YzockpOajp5WOweB+/hIrQy9KNVXEgnbMDcuCmevYfoub+BJbjCs5eAZrhCJBkXpRKBz3X1U0vlYp7twFacPqw==
  dependencies:
    "@aws-sdk/types" "3.178.0"
    tslib "^2.3.1"

"@aws-sdk/invalid-dependency@3.178.0":
  version "3.178.0"
  resolved "https://registry.yarnpkg.com/@aws-sdk/invalid-dependency/-/invalid-dependency-3.178.0.tgz#0e4a4793a912bf67e0c484da666d2e047357cde2"
  integrity sha512-JJNaiLr3nbRYym6oUAAaoFFYtDnIZ9Scco2p4sG/thT2eyAfXcEdNl1cSD3E/R1J+Ml/YplqTiIY4u1KPAriRw==
  dependencies:
    "@aws-sdk/types" "3.178.0"
    tslib "^2.3.1"

"@aws-sdk/is-array-buffer@3.170.0":
  version "3.170.0"
  resolved "https://registry.yarnpkg.com/@aws-sdk/is-array-buffer/-/is-array-buffer-3.170.0.tgz#a34b82b0d7c534544db001837785ed086d99344c"
  integrity sha512-yYXqgp8rilBckIvNRs22yAXHKcXb86/g+F+hsTZl38OJintTsLQB//O5v6EQTYhSW7T3wMe1NHDrjZ+hFjAy4Q==
  dependencies:
    tslib "^2.3.1"

"@aws-sdk/md5-js@3.178.0":
  version "3.178.0"
  resolved "https://registry.yarnpkg.com/@aws-sdk/md5-js/-/md5-js-3.178.0.tgz#b3bdc6099361fa2d9f5838a442cc9cb4d08d3abc"
  integrity sha512-o/F4QKjJL2gQdGq5eQnVGc9SlJ+/TjUBDJfn0Nyz4/OhDYVRvf4yJLT3+I9ZQN5M6DoFgqrLPH0MUHv4EmDPpw==
  dependencies:
    "@aws-sdk/types" "3.178.0"
    "@aws-sdk/util-utf8-browser" "3.170.0"
    "@aws-sdk/util-utf8-node" "3.170.0"
    tslib "^2.3.1"

"@aws-sdk/middleware-bucket-endpoint@3.178.0":
  version "3.178.0"
  resolved "https://registry.yarnpkg.com/@aws-sdk/middleware-bucket-endpoint/-/middleware-bucket-endpoint-3.178.0.tgz#0d10257138387201a10b963a0f01f5f309ba87a2"
  integrity sha512-HCHonBmv5SWZMZqVNtWr73d6moZfcqTI87Xmi0Ofpra8tmu99WQpYgXmVLqK13wlPP2MJErBLkcDt15dsS0pJw==
  dependencies:
    "@aws-sdk/protocol-http" "3.178.0"
    "@aws-sdk/types" "3.178.0"
    "@aws-sdk/util-arn-parser" "3.170.0"
    "@aws-sdk/util-config-provider" "3.170.0"
    tslib "^2.3.1"

"@aws-sdk/middleware-content-length@3.178.0":
  version "3.178.0"
  resolved "https://registry.yarnpkg.com/@aws-sdk/middleware-content-length/-/middleware-content-length-3.178.0.tgz#53ed59ff542b86e7cfe1223572fb68e5223db6f0"
  integrity sha512-p3n3IzU03eRzZivEoQn1HA83LbAKukZwRevsJpya1UfCUtWkXQO3v0jU8rhZE4deGa9k7zuCAEmJ8nCw3QxclQ==
  dependencies:
    "@aws-sdk/protocol-http" "3.178.0"
    "@aws-sdk/types" "3.178.0"
    tslib "^2.3.1"

"@aws-sdk/middleware-expect-continue@3.178.0":
  version "3.178.0"
  resolved "https://registry.yarnpkg.com/@aws-sdk/middleware-expect-continue/-/middleware-expect-continue-3.178.0.tgz#7e6f927badb4f909b3edf9d298be405563c5fd0b"
  integrity sha512-4OJgVeN2fBRHpRBNq1cCkT02QmsIZmiqsCXDgoRRlHJdcrbE5vLVs/PG/B1LB5ugxLD8EzwgoTbnOxIk0R1Weg==
  dependencies:
    "@aws-sdk/protocol-http" "3.178.0"
    "@aws-sdk/types" "3.178.0"
    tslib "^2.3.1"

"@aws-sdk/middleware-flexible-checksums@3.178.0":
  version "3.178.0"
  resolved "https://registry.yarnpkg.com/@aws-sdk/middleware-flexible-checksums/-/middleware-flexible-checksums-3.178.0.tgz#be52f7d364860e144b0a8875672d582c0e751259"
  integrity sha512-nd9mvl7uF3S3ok4u9O/Avlc5d9YL8/OMDnKBoGeIYuop5bAdcO1t/sEJWEex6YYgtj0e20fIosO7maCXs8/C1A==
  dependencies:
    "@aws-crypto/crc32" "2.0.0"
    "@aws-crypto/crc32c" "2.0.0"
    "@aws-sdk/is-array-buffer" "3.170.0"
    "@aws-sdk/protocol-http" "3.178.0"
    "@aws-sdk/types" "3.178.0"
    tslib "^2.3.1"

"@aws-sdk/middleware-host-header@3.178.0":
  version "3.178.0"
  resolved "https://registry.yarnpkg.com/@aws-sdk/middleware-host-header/-/middleware-host-header-3.178.0.tgz#1482cbbb7b83145b659f3504b83b998e26a2bbcc"
  integrity sha512-EFc9S63iwCmudVpVSiVPiTnp6WCfsRYUmTrZJJouZzthEhJwcrunwu7Fa9lHYb0zcWLgVFLhzs1Z34J/Er4JoQ==
  dependencies:
    "@aws-sdk/protocol-http" "3.178.0"
    "@aws-sdk/types" "3.178.0"
    tslib "^2.3.1"

"@aws-sdk/middleware-location-constraint@3.178.0":
  version "3.178.0"
  resolved "https://registry.yarnpkg.com/@aws-sdk/middleware-location-constraint/-/middleware-location-constraint-3.178.0.tgz#81792cd114b8dc538124b62ebff3cce564e8b538"
  integrity sha512-0Zrcdy75Q1CpAfjOFddiZSvK5iyeyh6fI7YRpUC8Fa3H+1kgW5sHESw0zyoC0NMAQkp1TgFrgxpaBuhAkdUzkg==
  dependencies:
    "@aws-sdk/types" "3.178.0"
    tslib "^2.3.1"

"@aws-sdk/middleware-logger@3.178.0":
  version "3.178.0"
  resolved "https://registry.yarnpkg.com/@aws-sdk/middleware-logger/-/middleware-logger-3.178.0.tgz#c8547ba355d96cd942efcfb8cdcdae1211bbb861"
  integrity sha512-k4jnB+ryGiAhv6vyNFz2YoaVodldjkbz4mqDlVzhwEn77LT/TcwdBoown3cJD/45LEtiuPqeONoTcNCsuCkRFQ==
  dependencies:
    "@aws-sdk/types" "3.178.0"
    tslib "^2.3.1"

"@aws-sdk/middleware-recursion-detection@3.178.0":
  version "3.178.0"
  resolved "https://registry.yarnpkg.com/@aws-sdk/middleware-recursion-detection/-/middleware-recursion-detection-3.178.0.tgz#6c43015ea8a618f1c0ededcb9af17c53329578a2"
  integrity sha512-dVgSoP2Mer8A0JGaWgpC/f4vPyvHh7laES/u5sTy6RfwrR87oTx+uhKrc6eh+9NkMR2xdRyaNJAMIXwL5bsVzg==
  dependencies:
    "@aws-sdk/protocol-http" "3.178.0"
    "@aws-sdk/types" "3.178.0"
    tslib "^2.3.1"

"@aws-sdk/middleware-retry@3.178.0":
  version "3.178.0"
  resolved "https://registry.yarnpkg.com/@aws-sdk/middleware-retry/-/middleware-retry-3.178.0.tgz#e787a93185ca72a346db93624da4f8d03f5f8f8b"
  integrity sha512-glBXpAqt+4KQ7q8y2/kwDX2ujCvCSQok5rlAmUjaQjVPc3cX77QwATIRQTS2nBC4v9tfMc7yL64ZeRbx6n0RAQ==
  dependencies:
    "@aws-sdk/protocol-http" "3.178.0"
    "@aws-sdk/service-error-classification" "3.178.0"
    "@aws-sdk/types" "3.178.0"
    "@aws-sdk/util-middleware" "3.178.0"
    tslib "^2.3.1"
    uuid "^8.3.2"

"@aws-sdk/middleware-sdk-s3@3.178.0":
  version "3.178.0"
  resolved "https://registry.yarnpkg.com/@aws-sdk/middleware-sdk-s3/-/middleware-sdk-s3-3.178.0.tgz#b692c76926e623f91bbe73df478255690120107a"
  integrity sha512-/4IMPfSCsHZ3nFPPOFdNh+KlKkQE7LhesaxHEZA8f4qn/AnzBJUQLQ7iN4uvE+mD/WjNDUhNXX3ZqDRVaI2a+w==
  dependencies:
    "@aws-sdk/middleware-bucket-endpoint" "3.178.0"
    "@aws-sdk/protocol-http" "3.178.0"
    "@aws-sdk/types" "3.178.0"
    "@aws-sdk/util-arn-parser" "3.170.0"
    tslib "^2.3.1"

"@aws-sdk/middleware-sdk-sts@3.179.0":
  version "3.179.0"
  resolved "https://registry.yarnpkg.com/@aws-sdk/middleware-sdk-sts/-/middleware-sdk-sts-3.179.0.tgz#9460fabca9657303bbc65e6dd57dad41136ec0d9"
  integrity sha512-uU9UdG9ornvblXdLLNsZNpgMOA9vgFMB93zo3DL/Q6MPmYprZYyK7dUiA06i1pe4HP2gR3N3hxXwzmKU6Bjt6A==
  dependencies:
    "@aws-sdk/middleware-signing" "3.179.0"
    "@aws-sdk/property-provider" "3.178.0"
    "@aws-sdk/protocol-http" "3.178.0"
    "@aws-sdk/signature-v4" "3.178.0"
    "@aws-sdk/types" "3.178.0"
    tslib "^2.3.1"

"@aws-sdk/middleware-serde@3.178.0":
  version "3.178.0"
  resolved "https://registry.yarnpkg.com/@aws-sdk/middleware-serde/-/middleware-serde-3.178.0.tgz#09bfdcf83782381078523db549734be837a087bc"
  integrity sha512-TERiu/B4hYi5Jd4iQN9ECTWbt2IZweAgFB010MboM4CAPm6EcszEc/uCB4faLZNdJaksk1BhAR7koURcda8Sew==
  dependencies:
    "@aws-sdk/types" "3.178.0"
    tslib "^2.3.1"

"@aws-sdk/middleware-signing@3.179.0":
  version "3.179.0"
  resolved "https://registry.yarnpkg.com/@aws-sdk/middleware-signing/-/middleware-signing-3.179.0.tgz#ff4e1ebdabe00fcd1105ece645ab13201addb0d2"
  integrity sha512-rtB6t3w1Km3ngO1yoiEUqsobujcBk36oPs2fTUKTbmuTr+54YH3NF0zAwVJv08lpfAs56holtp+bYyAxZJIxSQ==
  dependencies:
    "@aws-sdk/property-provider" "3.178.0"
    "@aws-sdk/protocol-http" "3.178.0"
    "@aws-sdk/signature-v4" "3.178.0"
    "@aws-sdk/types" "3.178.0"
    "@aws-sdk/util-middleware" "3.178.0"
    tslib "^2.3.1"

"@aws-sdk/middleware-ssec@3.178.0":
  version "3.178.0"
  resolved "https://registry.yarnpkg.com/@aws-sdk/middleware-ssec/-/middleware-ssec-3.178.0.tgz#fdc1943fe3b813e8399ec7ce087bb69cb85a71cc"
  integrity sha512-6TcOTv03X8ygg9XnGTN2nTC1gSNaSIPBFvvQntVGr08umIajtalnI+2a9F3/+DQkUk/3u/V5j39mL9m0oAiMVw==
  dependencies:
    "@aws-sdk/types" "3.178.0"
    tslib "^2.3.1"

"@aws-sdk/middleware-stack@3.178.0":
  version "3.178.0"
  resolved "https://registry.yarnpkg.com/@aws-sdk/middleware-stack/-/middleware-stack-3.178.0.tgz#42e92ef9aaa3c1fdaca159ac6c24c37629dd4aee"
  integrity sha512-ELYM5Imhlcz2zT1Z4OjVZwO564KvI4L9dMBxuUgO0fwommzjWqxR03yaRGhpGwpCP64d0Op5Koc/RKq5V92Wbw==
  dependencies:
    tslib "^2.3.1"

"@aws-sdk/middleware-user-agent@3.178.0":
  version "3.178.0"
  resolved "https://registry.yarnpkg.com/@aws-sdk/middleware-user-agent/-/middleware-user-agent-3.178.0.tgz#f212079c2691d27df665b6a88532cee1dc3a4f2d"
  integrity sha512-xkKBxrFbs+UwUPpfIGEPuHeBWS2Jgmcd+ipEJUQRR3lY4h1fJ6mPGeyyaVDvwaJp9KgESSI6QTp6V15l8GXXgQ==
  dependencies:
    "@aws-sdk/protocol-http" "3.178.0"
    "@aws-sdk/types" "3.178.0"
    tslib "^2.3.1"

"@aws-sdk/node-config-provider@3.178.0":
  version "3.178.0"
  resolved "https://registry.yarnpkg.com/@aws-sdk/node-config-provider/-/node-config-provider-3.178.0.tgz#4b709f3c23a88c96eaf4e9941f501b149131693a"
  integrity sha512-yb5XJcC7SxkZ5oxu3zQ/foBdMkLBKryzx/CVg5BNSsKDjfbouf/ZYPcJDHhc2gzCtZcx18GjFBOnv8cpo/tyXQ==
  dependencies:
    "@aws-sdk/property-provider" "3.178.0"
    "@aws-sdk/shared-ini-file-loader" "3.178.0"
    "@aws-sdk/types" "3.178.0"
    tslib "^2.3.1"

"@aws-sdk/node-http-handler@3.178.0":
  version "3.178.0"
  resolved "https://registry.yarnpkg.com/@aws-sdk/node-http-handler/-/node-http-handler-3.178.0.tgz#5b68f09b3b23f0c4cafd175b0013560050bcd90a"
  integrity sha512-EtH6YiX1IX0QraQ/+kKBWAEtsFYBnFyxOimTBtlpDYwFpgDzIZ1GFn2wORYomEWALg10kphs8n3E5/7b5t5OWQ==
  dependencies:
    "@aws-sdk/abort-controller" "3.178.0"
    "@aws-sdk/protocol-http" "3.178.0"
    "@aws-sdk/querystring-builder" "3.178.0"
    "@aws-sdk/types" "3.178.0"
    tslib "^2.3.1"

"@aws-sdk/property-provider@3.178.0":
  version "3.178.0"
  resolved "https://registry.yarnpkg.com/@aws-sdk/property-provider/-/property-provider-3.178.0.tgz#5d322cc52b866c4d03469163a57d2fd2fe16271f"
  integrity sha512-+Fh1aUANa+Gt/rh4SUHO0yHwKsibyZGk2LLDUcM1+9r0pUZT0qy3h0UCl5Kkj9HUcDJMD73wHTx4UB440xRobw==
  dependencies:
    "@aws-sdk/types" "3.178.0"
    tslib "^2.3.1"

"@aws-sdk/protocol-http@3.178.0":
  version "3.178.0"
  resolved "https://registry.yarnpkg.com/@aws-sdk/protocol-http/-/protocol-http-3.178.0.tgz#e6582feaab8cfbd6a278eb628e9d01f25ba2c631"
  integrity sha512-GsnANW60mVYMlE16UGNSOwYZ6TbkoODvmDQi95SEPjM7asf4vihEyDvhxiGS/JvC18UyxRVWT89l/V3hR/SF7w==
  dependencies:
    "@aws-sdk/types" "3.178.0"
    tslib "^2.3.1"

"@aws-sdk/querystring-builder@3.178.0":
  version "3.178.0"
  resolved "https://registry.yarnpkg.com/@aws-sdk/querystring-builder/-/querystring-builder-3.178.0.tgz#1d096111321e46a5eaa4ac1de56030d3e3c6de9e"
  integrity sha512-vJXlExSshlHtGVvan/U6JihWvzf8t9QwH5I4F6HUY+exxMy5vFDYCnNqGAzbJwq7w/HME1gQWLoXq2k0uODz7g==
  dependencies:
    "@aws-sdk/types" "3.178.0"
    "@aws-sdk/util-uri-escape" "3.170.0"
    tslib "^2.3.1"

"@aws-sdk/querystring-parser@3.178.0":
  version "3.178.0"
  resolved "https://registry.yarnpkg.com/@aws-sdk/querystring-parser/-/querystring-parser-3.178.0.tgz#8a608fbb65b31ffd14d4d25b0851b0d5368d12a6"
  integrity sha512-dp3pLnsOvAcIF7Yn2PY5CIVWX7GvC33nSlWDYeLeCMapccwTbe6zBqreWbScmIGJra4QJTdjccpwo2Yxwhr5QQ==
  dependencies:
    "@aws-sdk/types" "3.178.0"
    tslib "^2.3.1"

"@aws-sdk/service-error-classification@3.178.0":
  version "3.178.0"
  resolved "https://registry.yarnpkg.com/@aws-sdk/service-error-classification/-/service-error-classification-3.178.0.tgz#a0887bd30e07fe5a0328c0b993a74bf55d8e7396"
  integrity sha512-tDKTBXxck2N4bhAnQaeokx9ps38V3G70lcDdHS/N9hmqcQQmH5x+1/AMwYWLjUZmOQPBW9sFoG4B3psnl+sefw==

"@aws-sdk/shared-ini-file-loader@3.178.0":
  version "3.178.0"
  resolved "https://registry.yarnpkg.com/@aws-sdk/shared-ini-file-loader/-/shared-ini-file-loader-3.178.0.tgz#cd8f2bff7faf4111134ecbf76a8c3a2b395dcfc9"
  integrity sha512-nZGmuhGLDFbXsb7QYDg7PiPMAmsdlSshKJ+AhKSZF/J0SK94kdZgGnGXGUZe52S3G41E3CZIgnLnnsMXq0uErA==
  dependencies:
    tslib "^2.3.1"

"@aws-sdk/signature-v4-multi-region@3.180.0":
  version "3.180.0"
  resolved "https://registry.yarnpkg.com/@aws-sdk/signature-v4-multi-region/-/signature-v4-multi-region-3.180.0.tgz#b51aba230a7a1d5940e296c39ee7a495b0097a8e"
  integrity sha512-3IjwOy/x6UroV3TAbeCwpCRmt/8TW89JI1r8gtDbpQ42WiQ/1J+R5a78NP8bYa53kiDghW6pKlvLcbuoh3zWHQ==
  dependencies:
    "@aws-sdk/protocol-http" "3.178.0"
    "@aws-sdk/signature-v4" "3.178.0"
    "@aws-sdk/types" "3.178.0"
    "@aws-sdk/util-arn-parser" "3.170.0"
    tslib "^2.3.1"

"@aws-sdk/signature-v4@3.178.0":
  version "3.178.0"
  resolved "https://registry.yarnpkg.com/@aws-sdk/signature-v4/-/signature-v4-3.178.0.tgz#02f874021725c328a7b044cd71af118fba7d6b11"
  integrity sha512-8oOx6o0uOqlCDPM0dszfR1WHqd0E1VuFqez8iNItp0DhmhaCuanEwKYYA6HOkVu/MA6CsG6zDIJaFr5ODU2NvQ==
  dependencies:
    "@aws-sdk/is-array-buffer" "3.170.0"
    "@aws-sdk/types" "3.178.0"
    "@aws-sdk/util-hex-encoding" "3.170.0"
    "@aws-sdk/util-middleware" "3.178.0"
    "@aws-sdk/util-uri-escape" "3.170.0"
    tslib "^2.3.1"

"@aws-sdk/smithy-client@3.180.0":
  version "3.180.0"
  resolved "https://registry.yarnpkg.com/@aws-sdk/smithy-client/-/smithy-client-3.180.0.tgz#03953e5d4f0dc3607d422021550126f5a32c2423"
  integrity sha512-1vWafiUdn6RvOsD4CyNjMeDtDujuPi4Iq4Db6HrFmVPpJAutOLlCg52Dt7k96KCcIKgxVAs6Br0Waef+pcoGNA==
  dependencies:
    "@aws-sdk/middleware-stack" "3.178.0"
    "@aws-sdk/types" "3.178.0"
    tslib "^2.3.1"

"@aws-sdk/types@3.178.0", "@aws-sdk/types@^3.1.0", "@aws-sdk/types@^3.110.0":
  version "3.178.0"
  resolved "https://registry.yarnpkg.com/@aws-sdk/types/-/types-3.178.0.tgz#2b79d705be218f8c9b5829ec71284549c37733be"
  integrity sha512-CrHxHzXSEr/Z3NLFvJgSGHGcD9tYUZ0Rhp8tFCSpD3TpBo3/Y7RIvqaEPvECsL52UEloeBhQf65AO8590YkVmQ==

"@aws-sdk/url-parser@3.178.0":
  version "3.178.0"
  resolved "https://registry.yarnpkg.com/@aws-sdk/url-parser/-/url-parser-3.178.0.tgz#aee06f73313154d9d0e34e16a974a6d35bbf7d93"
  integrity sha512-+Ch29d+IZG6zD1gNDVgFC00huY8ytrPdijAuNJ4DtPBTGP4zbrImw3js0GfvfBjLrQYBnclcAvSx4J1Q/8tqBQ==
  dependencies:
    "@aws-sdk/querystring-parser" "3.178.0"
    "@aws-sdk/types" "3.178.0"
    tslib "^2.3.1"

"@aws-sdk/util-arn-parser@3.170.0":
  version "3.170.0"
  resolved "https://registry.yarnpkg.com/@aws-sdk/util-arn-parser/-/util-arn-parser-3.170.0.tgz#42587a958fd892ae51a447606e34ab5614bcb616"
  integrity sha512-2ivABL9GNsucfMMkgGjVdFidbDogtSr4FBVW12D4ltijOL82CAynGrnxHAczRGnmi5/1/Ir4ipkr9pAdRMGiGw==
  dependencies:
    tslib "^2.3.1"

"@aws-sdk/util-base64-browser@3.170.0":
  version "3.170.0"
  resolved "https://registry.yarnpkg.com/@aws-sdk/util-base64-browser/-/util-base64-browser-3.170.0.tgz#3352aeb2891f650fa0eda75d8be38ebdc6f98b43"
  integrity sha512-uLP9Kp74+jc+UWI392LSWIaUj9eXZBhkAiSm8dXAyrr+5GFOKvmEdidFoZKKcFcZ2v3RMonDgFVcDBiZ33w7BQ==
  dependencies:
    tslib "^2.3.1"

"@aws-sdk/util-base64-node@3.170.0":
  version "3.170.0"
  resolved "https://registry.yarnpkg.com/@aws-sdk/util-base64-node/-/util-base64-node-3.170.0.tgz#434f719d467e04f553f3dc8991aec40483078607"
  integrity sha512-sjpOmfyW0RWCLXU8Du0ZtwgFoxIuKQIyVygXJ4qxByoa3jIUJXf4U33uSRMy47V3JoogdZuKSpND9hiNk2wU4w==
  dependencies:
    "@aws-sdk/util-buffer-from" "3.170.0"
    tslib "^2.3.1"

"@aws-sdk/util-body-length-browser@3.170.0":
  version "3.170.0"
  resolved "https://registry.yarnpkg.com/@aws-sdk/util-body-length-browser/-/util-body-length-browser-3.170.0.tgz#4f88ad2493e7088a8b22972d4ff512a64f02fc7b"
  integrity sha512-SqSWA++gsZgHw6tlcEXx9K6R6cVKNYzOq6bca+NR7jXvy1hfqiv9Gx5TZrG4oL4JziP8QA0fTklmI1uQJ4HBRA==
  dependencies:
    tslib "^2.3.1"

"@aws-sdk/util-body-length-node@3.170.0":
  version "3.170.0"
  resolved "https://registry.yarnpkg.com/@aws-sdk/util-body-length-node/-/util-body-length-node-3.170.0.tgz#ef69fc0895338c2b15b5b4c9b201e72d4232cba1"
  integrity sha512-sFb85ngsgfpamwDn22LC/+FkbDTNiddbMHptkajw+CAD2Rb4SJDp2PfXZ6k883BueJWhmxZ9+lApHZqYtgPdzw==
  dependencies:
    tslib "^2.3.1"

"@aws-sdk/util-buffer-from@3.170.0":
  version "3.170.0"
  resolved "https://registry.yarnpkg.com/@aws-sdk/util-buffer-from/-/util-buffer-from-3.170.0.tgz#efa9e74cd6fda5d711a99dc8a6f288afabe3b9fe"
  integrity sha512-3ClE3wgN/Zw0ahfVAY5KQ/y3K2c+SYHwVUQaGSuVQlPOCDInGYjE/XEFwCeGJzncRPHIKDRPEsHCpm1uwgwEqQ==
  dependencies:
    "@aws-sdk/is-array-buffer" "3.170.0"
    tslib "^2.3.1"

"@aws-sdk/util-config-provider@3.170.0":
  version "3.170.0"
  resolved "https://registry.yarnpkg.com/@aws-sdk/util-config-provider/-/util-config-provider-3.170.0.tgz#85ad4dfa8102fe44b737c0aee23e63ae37ff9022"
  integrity sha512-VV6lfss6Go00TF2hRVJnN8Uf2FOwC++1e8glaeU7fMWluYCBjwl+116mPOPFaxvkJCg0dui2tFroXioslM/rvQ==
  dependencies:
    tslib "^2.3.1"

"@aws-sdk/util-defaults-mode-browser@3.180.0":
  version "3.180.0"
  resolved "https://registry.yarnpkg.com/@aws-sdk/util-defaults-mode-browser/-/util-defaults-mode-browser-3.180.0.tgz#7705fece381857e4f867ed9f168da92aea78d4e6"
  integrity sha512-XGq/RUuhqnLlApETBmBWDszNG4TR3FCOSNwFvok1UIPgFXxjh0JOzNc5mAX1St2hfx1IDb9Ja4BmTkYKix7byg==
  dependencies:
    "@aws-sdk/property-provider" "3.178.0"
    "@aws-sdk/types" "3.178.0"
    bowser "^2.11.0"
    tslib "^2.3.1"

"@aws-sdk/util-defaults-mode-node@3.180.0":
  version "3.180.0"
  resolved "https://registry.yarnpkg.com/@aws-sdk/util-defaults-mode-node/-/util-defaults-mode-node-3.180.0.tgz#dd3d9528daa91b80ba877a09c1602c7230b3a5d5"
  integrity sha512-ch9VR4OKYGEaNbLhX/EyZDpNZst5T+/VYsFyqMA47J0YyMbg7GWyn2FjjhZ7qOV3XU6W8YEBNdd7U/LFFVp8uA==
  dependencies:
    "@aws-sdk/config-resolver" "3.178.0"
    "@aws-sdk/credential-provider-imds" "3.178.0"
    "@aws-sdk/node-config-provider" "3.178.0"
    "@aws-sdk/property-provider" "3.178.0"
    "@aws-sdk/types" "3.178.0"
    tslib "^2.3.1"

"@aws-sdk/util-hex-encoding@3.170.0":
  version "3.170.0"
  resolved "https://registry.yarnpkg.com/@aws-sdk/util-hex-encoding/-/util-hex-encoding-3.170.0.tgz#e81f0fd8c951e0da7ada8d3148ead9b15c57f2f8"
  integrity sha512-BDYyMqaxX4/N7rYOIYlqgpZaBuHw3kNXKgOkWtJdzndIZbQX8HnyJ+rF0Pr1aVsOpVDM+fY1prERleFh/ZRTCg==
  dependencies:
    tslib "^2.3.1"

"@aws-sdk/util-locate-window@^3.0.0":
  version "3.170.0"
  resolved "https://registry.yarnpkg.com/@aws-sdk/util-locate-window/-/util-locate-window-3.170.0.tgz#acc8717abe1e568de41d9b8ede33a49c6c1e108d"
  integrity sha512-uQvn3ZaAokWcNSY+tNR71RGXPPncv5ejrpGa/MGOCioeBjkU5n5OJp7BdaTGouZu4fffeVpdZJ/ZNld8LWMgLw==
  dependencies:
    tslib "^2.3.1"

"@aws-sdk/util-middleware@3.178.0":
  version "3.178.0"
  resolved "https://registry.yarnpkg.com/@aws-sdk/util-middleware/-/util-middleware-3.178.0.tgz#c628d6df8f5f1bc9391c07621d899213e41c8207"
  integrity sha512-93WgrJKuwtv3f2r1Q04emzjMiwpYR5hysOHKMkrGOvAVZdDqe1UTjmtuxQadVi3DBr1KOT/d5uP9MjV8LqaUUA==
  dependencies:
    tslib "^2.3.1"

"@aws-sdk/util-stream-browser@3.178.0":
  version "3.178.0"
  resolved "https://registry.yarnpkg.com/@aws-sdk/util-stream-browser/-/util-stream-browser-3.178.0.tgz#a659b9b5af9efc936edd039cb8e6f8e639eb5665"
  integrity sha512-CgXIJjDtkJPpig3/37xNzwPvtySN21m3nI/61CDjmQTFU9CfrfFplR/K3yBhB465AyINrLcDyuiBBcv78wqBzg==
  dependencies:
    "@aws-sdk/fetch-http-handler" "3.178.0"
    "@aws-sdk/types" "3.178.0"
    "@aws-sdk/util-base64-browser" "3.170.0"
    "@aws-sdk/util-hex-encoding" "3.170.0"
    "@aws-sdk/util-utf8-browser" "3.170.0"
    tslib "^2.3.1"

"@aws-sdk/util-stream-node@3.178.0":
  version "3.178.0"
  resolved "https://registry.yarnpkg.com/@aws-sdk/util-stream-node/-/util-stream-node-3.178.0.tgz#a49f0c1332f446ed7b0b57a63908c294670544b7"
  integrity sha512-SarpMLzoG49Tosp+s+yMsE2rGwsDqa6NDP6umqo2HXX3D26I3uqaefoB0E+Jn/VAJZcKbwxRZUPKnwQEOn1xMA==
  dependencies:
    "@aws-sdk/node-http-handler" "3.178.0"
    "@aws-sdk/types" "3.178.0"
    "@aws-sdk/util-buffer-from" "3.170.0"
    tslib "^2.3.1"

"@aws-sdk/util-uri-escape@3.170.0":
  version "3.170.0"
  resolved "https://registry.yarnpkg.com/@aws-sdk/util-uri-escape/-/util-uri-escape-3.170.0.tgz#1121fb47a59dab0f732b881742e9871c3690367c"
  integrity sha512-Fof0urZ3Lx6z6LNKSEO6T4DNaNh6sLJaSWFaC6gtVDPux/C3R7wy2RQRDp0baHxE8m1KMB0XnKzHizJNrbDI1w==
  dependencies:
    tslib "^2.3.1"

"@aws-sdk/util-user-agent-browser@3.178.0":
  version "3.178.0"
  resolved "https://registry.yarnpkg.com/@aws-sdk/util-user-agent-browser/-/util-user-agent-browser-3.178.0.tgz#c9e02d4cb7edee51cfdc36179036b01120e1b0c1"
  integrity sha512-LxOrn7Ai88n0i5J5rTb5Bt0TAycPvDYzjdCwmd2mahsPHZGSDLeCeh6KOIxZsEfnzYRl4HGWvIEXdHIYZ3RTug==
  dependencies:
    "@aws-sdk/types" "3.178.0"
    bowser "^2.11.0"
    tslib "^2.3.1"

"@aws-sdk/util-user-agent-node@3.178.0":
  version "3.178.0"
  resolved "https://registry.yarnpkg.com/@aws-sdk/util-user-agent-node/-/util-user-agent-node-3.178.0.tgz#45c4c90550bdf66092682abfea36a68504b1e433"
  integrity sha512-TrP6v+V4Qnv3E9CNgwR/G+1xiy8fa9j5LAm43qwp9PfJHchNyWOJ0FURD3Ne2sm/388Ybzjb1DRYRZ7B+xbnOw==
  dependencies:
    "@aws-sdk/node-config-provider" "3.178.0"
    "@aws-sdk/types" "3.178.0"
    tslib "^2.3.1"

"@aws-sdk/util-utf8-browser@3.170.0", "@aws-sdk/util-utf8-browser@^3.0.0":
  version "3.170.0"
  resolved "https://registry.yarnpkg.com/@aws-sdk/util-utf8-browser/-/util-utf8-browser-3.170.0.tgz#3fcea278e7a6fca4fef3d562300a3eea9a2f244f"
  integrity sha512-tJby9krepSwDsBK+KQF5ACacZQ4LH1Aheh5Dy0pghxsN/9IRw7kMWTumuRCnSntLFFphDD7GM494/Dvnl1UCLA==
  dependencies:
    tslib "^2.3.1"

"@aws-sdk/util-utf8-node@3.170.0":
  version "3.170.0"
  resolved "https://registry.yarnpkg.com/@aws-sdk/util-utf8-node/-/util-utf8-node-3.170.0.tgz#8f46d05bc887a7a8e3372a25e0f46035290a9aad"
  integrity sha512-52QWGNoNQoyT2CuoQz6LjBKxHQtN/ceMFLW+9J1E0I1ni8XTuTYP52BlMe5484KkmZKsHOm+EWe4xuwwVetTxg==
  dependencies:
    "@aws-sdk/util-buffer-from" "3.170.0"
    tslib "^2.3.1"

"@aws-sdk/util-waiter@3.180.0":
  version "3.180.0"
  resolved "https://registry.yarnpkg.com/@aws-sdk/util-waiter/-/util-waiter-3.180.0.tgz#79def96db5b960ae99518cf3cfc05318a7a7686c"
  integrity sha512-fDBGplYp6pIIfrB7073tUhU4zppRaSiPjBCCT00yth9woWwZPUCIg7iQZKEqkBmvCzcJSYn0jRopLhf3Y7i5Wg==
  dependencies:
    "@aws-sdk/abort-controller" "3.178.0"
    "@aws-sdk/types" "3.178.0"
    tslib "^2.3.1"

"@aws-sdk/xml-builder@3.170.0":
  version "3.170.0"
  resolved "https://registry.yarnpkg.com/@aws-sdk/xml-builder/-/xml-builder-3.170.0.tgz#bee57bd55db4003bbd09ca3d2fa7a001b24ed21c"
  integrity sha512-eN458rrukeI62yU1k4a+032IfpAS7aK30VEITzKanklMW6AxTpxUC6vGrP6bwtIpCFDN8yVaIiAwGXQg5l1X4g==
  dependencies:
    tslib "^2.3.1"

bowser@^2.11.0:
  version "2.11.0"
  resolved "https://registry.yarnpkg.com/bowser/-/bowser-2.11.0.tgz#5ca3c35757a7aa5771500c70a73a9f91ef420a8f"
  integrity sha512-AlcaJBi/pqqJBIQ8U9Mcpc9i8Aqxn88Skv5d+xBX006BY5u8N3mGLHa5Lgppa7L/HfwgwLgZ6NYs+Ag6uUmJRA==

entities@2.2.0:
  version "2.2.0"
  resolved "https://registry.yarnpkg.com/entities/-/entities-2.2.0.tgz#098dc90ebb83d8dffa089d55256b351d34c4da55"
  integrity sha512-p92if5Nz619I0w+akJrLZH0MX0Pb5DX39XOwQTtXSdQQOaYH03S1uIQp4mhOZtAXrxq4ViO67YTiLBo2638o9A==

fast-xml-parser@3.19.0:
  version "3.19.0"
  resolved "https://registry.yarnpkg.com/fast-xml-parser/-/fast-xml-parser-3.19.0.tgz#cb637ec3f3999f51406dd8ff0e6fc4d83e520d01"
  integrity sha512-4pXwmBplsCPv8FOY1WRakF970TjNGnGnfbOnLqjlYvMiF1SR3yOHyxMR/YCXpPTOspNF5gwudqktIP4VsWkvBg==

node-kernel@^1.0.2:
  version "1.0.2"
  resolved "https://registry.yarnpkg.com/node-kernel/-/node-kernel-1.0.2.tgz#5d474ae1807d61bd45cc20cf1106af7508df7b7e"
  integrity sha512-bYXbdDbe1/gjJuN0qz5fwTWJG255ERdf6k2MdL4iPzGQmyjxUF1CxpVFbyLYlC+gjSZKoWuW12lNg/E6ifFmiA==

tslib@^1.11.1:
  version "1.14.1"
  resolved "https://registry.yarnpkg.com/tslib/-/tslib-1.14.1.tgz#cf2d38bdc34a134bcaf1091c41f6619e2f672d00"
  integrity sha512-Xni35NKzjgMrwevysHTCArtLDpPvye8zV/0E4EyYn43P7/7qvQwPh9BGkHewbMulVntbigmcT7rdX3BNo9wRJg==

tslib@^2.3.1:
  version "2.4.0"
  resolved "https://registry.yarnpkg.com/tslib/-/tslib-2.4.0.tgz#7cecaa7f073ce680a05847aa77be941098f36dc3"
  integrity sha512-d6xOpEDfsi2CZVlPQzGeux8XMwLT9hssAsaPYExaQMuYskwb+x1x7J371tWlbBdWHroy99KnVB6qIkUbs5X3UQ==

uuid@^8.3.2:
  version "8.3.2"
  resolved "https://registry.yarnpkg.com/uuid/-/uuid-8.3.2.tgz#80d5b5ced271bb9af6c445f21a1a04c606cefbe2"
  integrity sha512-+NYs2QeMWy+GWFOEm9xnn6HCDp0l7QBD7ml8zLUmJ+93Q5NF0NocErnwkTkXVFNiX3/fpC6afS8Dhb/gz7R7eg==
